<Solution>
  <Folder Name="/src/">
    <Project Path="src/ExpenseApi.Tests/ExpenseApi.Tests.csproj" />
    <Project Path="src/WorkflowEngine.Tests/WorkflowEngine.Tests.csproj" />
    <Project Path="src/NotificationSvc.Tests/NotificationSvc.Tests.csproj" />
  </Folder>
  <Folder Name="/src/expense-api/">
    <Project Path="src/expense-api/ExpenseApi.csproj" />
  </Folder>
  <Folder Name="/src/notification-svc/">
    <Project Path="src/notification-svc/NotificationSvc.csproj" />
  </Folder>
  <Folder Name="/src/shared/">
    <Project Path="src/shared/RadiusClaim.Contracts/RadiusClaim.Contracts.csproj" />
  </Folder>
  <Folder Name="/src/workflow-engine/">
    <Project Path="src/workflow-engine/WorkflowEngine.csproj" />
  </Folder>
  <Folder Name="/src/tests/">
    <Project Path="src/WorkflowEngine.Tests/WorkflowEngine.Tests.csproj" />
    <Project Path="src/ExpenseApi.Tests/ExpenseApi.Tests.csproj" />
    <Project Path="src/IntegrationTests/IntegrationTests.csproj" />
  </Folder>
</Solution>
